
Microsoft Visual Studio Solution File, Format Version 12.00
Project("{2150E333-8FDC-42A3-9474-1A3956D46DE8}") = "Infra", "Infra", "{300EDC78-50AE-450B-87A4-A639436F99C0}"
EndProject
Project("{2150E333-8FDC-42A3-9474-1A3956D46DE8}") = "src", "src", "{90B8D41B-193A-4BCD-9E5A-8B6126DD2B8E}"
EndProject
Project("{E53339B2-1760-4266-BCC7-CA923CBCF16C}") = "docker-compose", "infra/docker-compose.dcproj", "{5DEB863A-9970-440B-8537-229CAD593012}"
EndProject
Project("{FAE04EC0-301F-11D3-BF4B-00C04F79EFBC}") = "Onboard.API", "src\Onboard.API\Onboard.API.csproj", "{9BF097A0-B0C3-40AB-A717-40FDD8223EA8}"
EndProject
Global
	GlobalSection(SolutionConfigurationPlatforms) = preSolution
		Debug|Any CPU = Debug|Any CPU
		Release|Any CPU = Release|Any CPU
	EndGlobalSection
	GlobalSection(NestedProjects) = preSolution
		{5DEB863A-9970-440B-8537-229CAD593012} = {300EDC78-50AE-450B-87A4-A639436F99C0}
		{9BF097A0-B0C3-40AB-A717-40FDD8223EA8} = {90B8D41B-193A-4BCD-9E5A-8B6126DD2B8E}
	EndGlobalSection
	GlobalSection(ProjectConfigurationPlatforms) = postSolution
		{9BF097A0-B0C3-40AB-A717-40FDD8223EA8}.Debug|Any CPU.ActiveCfg = Debug|Any CPU
		{9BF097A0-B0C3-40AB-A717-40FDD8223EA8}.Debug|Any CPU.Build.0 = Debug|Any CPU
		{9BF097A0-B0C3-40AB-A717-40FDD8223EA8}.Release|Any CPU.ActiveCfg = Release|Any CPU
		{9BF097A0-B0C3-40AB-A717-40FDD8223EA8}.Release|Any CPU.Build.0 = Release|Any CPU
	EndGlobalSection
EndGlobal
